
Microsoft Visual Studio Solution File, Format Version 12.00
# Visual Studio Version 16
VisualStudioVersion = 16.0.31605.320
MinimumVisualStudioVersion = 10.0.40219.1
Project("{FAE04EC0-301F-11D3-BF4B-00C04F79EFBC}") = "ExercicioURI1046", "ExercicioURI1046\ExercicioURI1046.csproj", "{6FD1E9B5-DBC8-4E92-9B4D-7B3FDBDDE210}"
EndProject
Global
	GlobalSection(SolutionConfigurationPlatforms) = preSolution
		Debug|Any CPU = Debug|Any CPU
		Release|Any CPU = Release|Any CPU
	EndGlobalSection
	GlobalSection(ProjectConfigurationPlatforms) = postSolution
		{6FD1E9B5-DBC8-4E92-9B4D-7B3FDBDDE210}.Debug|Any CPU.ActiveCfg = Debug|Any CPU
		{6FD1E9B5-DBC8-4E92-9B4D-7B3FDBDDE210}.Debug|Any CPU.Build.0 = Debug|Any CPU
		{6FD1E9B5-DBC8-4E92-9B4D-7B3FDBDDE210}.Release|Any CPU.ActiveCfg = Release|Any CPU
		{6FD1E9B5-DBC8-4E92-9B4D-7B3FDBDDE210}.Release|Any CPU.Build.0 = Release|Any CPU
	EndGlobalSection
	GlobalSection(SolutionProperties) = preSolution
		HideSolutionNode = FALSE
	EndGlobalSection
	GlobalSection(ExtensibilityGlobals) = postSolution
		SolutionGuid = {765CA091-C5BC-4837-A652-77E777867755}
	EndGlobalSection
EndGlobal
